
Microsoft Visual Studio Solution File, Format Version 12.00
# Visual Studio Version 16
VisualStudioVersion = 16.0.30907.101
MinimumVisualStudioVersion = 10.0.40219.1
Project("{8BC9CEB8-8B4A-11D0-8D11-00A0C91BC942}") = "UROK 27", "UROK 27\UROK 27.vcxproj", "{2CEE01B1-45A0-45A3-BB79-DCAAC085C739}"
EndProject
Global
	GlobalSection(SolutionConfigurationPlatforms) = preSolution
		Debug|x64 = Debug|x64
		Debug|x86 = Debug|x86
		Release|x64 = Release|x64
		Release|x86 = Release|x86
	EndGlobalSection
	GlobalSection(ProjectConfigurationPlatforms) = postSolution
		{2CEE01B1-45A0-45A3-BB79-DCAAC085C739}.Debug|x64.ActiveCfg = Debug|x64
		{2CEE01B1-45A0-45A3-BB79-DCAAC085C739}.Debug|x64.Build.0 = Debug|x64
		{2CEE01B1-45A0-45A3-BB79-DCAAC085C739}.Debug|x86.ActiveCfg = Debug|Win32
		{2CEE01B1-45A0-45A3-BB79-DCAAC085C739}.Debug|x86.Build.0 = Debug|Win32
		{2CEE01B1-45A0-45A3-BB79-DCAAC085C739}.Release|x64.ActiveCfg = Release|x64
		{2CEE01B1-45A0-45A3-BB79-DCAAC085C739}.Release|x64.Build.0 = Release|x64
		{2CEE01B1-45A0-45A3-BB79-DCAAC085C739}.Release|x86.ActiveCfg = Release|Win32
		{2CEE01B1-45A0-45A3-BB79-DCAAC085C739}.Release|x86.Build.0 = Release|Win32
	EndGlobalSection
	GlobalSection(SolutionProperties) = preSolution
		HideSolutionNode = FALSE
	EndGlobalSection
	GlobalSection(ExtensibilityGlobals) = postSolution
		SolutionGuid = {DEF28CEB-6F0B-4C26-8148-E766A41EF6B8}
	EndGlobalSection
EndGlobal
